
Microsoft Visual Studio Solution File, Format Version 12.00
# Visual Studio 14
VisualStudioVersion = 14.0.24720.0
MinimumVisualStudioVersion = 10.0.40219.1
Project("{FAE04EC0-301F-11D3-BF4B-00C04F79EFBC}") = "SortingAlgorithms", "SortingAlgorithms\SortingAlgorithms.csproj", "{21A18132-B3CB-467B-BAA0-D3C8D5B2A076}"
EndProject
Project("{FAE04EC0-301F-11D3-BF4B-00C04F79EFBC}") = "BubbleSort", "BubbleSort\BubbleSort.csproj", "{9B2C1EF9-CB38-412C-BCBA-683414A6781A}"
EndProject
Project("{FAE04EC0-301F-11D3-BF4B-00C04F79EFBC}") = "SelectionSort", "SelectionSort\SelectionSort.csproj", "{8F39533C-1D65-4EA6-BFDE-CF48212A163D}"
EndProject
Global
	GlobalSection(SolutionConfigurationPlatforms) = preSolution
		Debug|Any CPU = Debug|Any CPU
		Release|Any CPU = Release|Any CPU
	EndGlobalSection
	GlobalSection(ProjectConfigurationPlatforms) = postSolution
		{21A18132-B3CB-467B-BAA0-D3C8D5B2A076}.Debug|Any CPU.ActiveCfg = Debug|Any CPU
		{21A18132-B3CB-467B-BAA0-D3C8D5B2A076}.Debug|Any CPU.Build.0 = Debug|Any CPU
		{21A18132-B3CB-467B-BAA0-D3C8D5B2A076}.Release|Any CPU.ActiveCfg = Release|Any CPU
		{21A18132-B3CB-467B-BAA0-D3C8D5B2A076}.Release|Any CPU.Build.0 = Release|Any CPU
		{9B2C1EF9-CB38-412C-BCBA-683414A6781A}.Debug|Any CPU.ActiveCfg = Debug|Any CPU
		{9B2C1EF9-CB38-412C-BCBA-683414A6781A}.Debug|Any CPU.Build.0 = Debug|Any CPU
		{9B2C1EF9-CB38-412C-BCBA-683414A6781A}.Release|Any CPU.ActiveCfg = Release|Any CPU
		{9B2C1EF9-CB38-412C-BCBA-683414A6781A}.Release|Any CPU.Build.0 = Release|Any CPU
		{8F39533C-1D65-4EA6-BFDE-CF48212A163D}.Debug|Any CPU.ActiveCfg = Debug|Any CPU
		{8F39533C-1D65-4EA6-BFDE-CF48212A163D}.Debug|Any CPU.Build.0 = Debug|Any CPU
		{8F39533C-1D65-4EA6-BFDE-CF48212A163D}.Release|Any CPU.ActiveCfg = Release|Any CPU
		{8F39533C-1D65-4EA6-BFDE-CF48212A163D}.Release|Any CPU.Build.0 = Release|Any CPU
	EndGlobalSection
	GlobalSection(SolutionProperties) = preSolution
		HideSolutionNode = FALSE
	EndGlobalSection
EndGlobal
