
Microsoft Visual Studio Solution File, Format Version 12.00
# Visual Studio 14
VisualStudioVersion = 14.0.24720.0
MinimumVisualStudioVersion = 10.0.40219.1
Project("{FAE04EC0-301F-11D3-BF4B-00C04F79EFBC}") = "QueueIntro", "QueueIntro\QueueIntro.csproj", "{B86F5AC2-6F09-4C06-89E4-AFABFFE2EBBA}"
EndProject
Project("{FAE04EC0-301F-11D3-BF4B-00C04F79EFBC}") = "QueueFromScratchUsingArray", "QueueFromScratchUsingArray\QueueFromScratchUsingArray.csproj", "{0D46B068-E6B2-495C-875D-43AEE5C075AE}"
EndProject
Project("{FAE04EC0-301F-11D3-BF4B-00C04F79EFBC}") = "QueueWithTwoStacks", "QueueWithTwoStacks\QueueWithTwoStacks.csproj", "{A8B6D0FE-011B-48EC-A445-12F2F1F271A4}"
EndProject
Project("{FAE04EC0-301F-11D3-BF4B-00C04F79EFBC}") = "PriorityQueueFromScratch", "PriorityQueue\PriorityQueueFromScratch.csproj", "{17BD4CB3-B046-4C0C-804F-65CB369CE16A}"
EndProject
Project("{FAE04EC0-301F-11D3-BF4B-00C04F79EFBC}") = "QueueReverser", "QueueReverser\QueueReverser.csproj", "{5FBD7D80-0D88-40EA-97CB-A792BE84841E}"
EndProject
Project("{FAE04EC0-301F-11D3-BF4B-00C04F79EFBC}") = "QueueFromScratchUsingLinkedList", "QueueFromScratchUsingLinkedList\QueueFromScratchUsingLinkedList.csproj", "{54724A43-ED41-425C-950E-7FA37DDEA1AC}"
EndProject
Global
	GlobalSection(SolutionConfigurationPlatforms) = preSolution
		Debug|Any CPU = Debug|Any CPU
		Release|Any CPU = Release|Any CPU
	EndGlobalSection
	GlobalSection(ProjectConfigurationPlatforms) = postSolution
		{B86F5AC2-6F09-4C06-89E4-AFABFFE2EBBA}.Debug|Any CPU.ActiveCfg = Debug|Any CPU
		{B86F5AC2-6F09-4C06-89E4-AFABFFE2EBBA}.Debug|Any CPU.Build.0 = Debug|Any CPU
		{B86F5AC2-6F09-4C06-89E4-AFABFFE2EBBA}.Release|Any CPU.ActiveCfg = Release|Any CPU
		{B86F5AC2-6F09-4C06-89E4-AFABFFE2EBBA}.Release|Any CPU.Build.0 = Release|Any CPU
		{0D46B068-E6B2-495C-875D-43AEE5C075AE}.Debug|Any CPU.ActiveCfg = Debug|Any CPU
		{0D46B068-E6B2-495C-875D-43AEE5C075AE}.Debug|Any CPU.Build.0 = Debug|Any CPU
		{0D46B068-E6B2-495C-875D-43AEE5C075AE}.Release|Any CPU.ActiveCfg = Release|Any CPU
		{0D46B068-E6B2-495C-875D-43AEE5C075AE}.Release|Any CPU.Build.0 = Release|Any CPU
		{A8B6D0FE-011B-48EC-A445-12F2F1F271A4}.Debug|Any CPU.ActiveCfg = Debug|Any CPU
		{A8B6D0FE-011B-48EC-A445-12F2F1F271A4}.Debug|Any CPU.Build.0 = Debug|Any CPU
		{A8B6D0FE-011B-48EC-A445-12F2F1F271A4}.Release|Any CPU.ActiveCfg = Release|Any CPU
		{A8B6D0FE-011B-48EC-A445-12F2F1F271A4}.Release|Any CPU.Build.0 = Release|Any CPU
		{17BD4CB3-B046-4C0C-804F-65CB369CE16A}.Debug|Any CPU.ActiveCfg = Debug|Any CPU
		{17BD4CB3-B046-4C0C-804F-65CB369CE16A}.Debug|Any CPU.Build.0 = Debug|Any CPU
		{17BD4CB3-B046-4C0C-804F-65CB369CE16A}.Release|Any CPU.ActiveCfg = Release|Any CPU
		{17BD4CB3-B046-4C0C-804F-65CB369CE16A}.Release|Any CPU.Build.0 = Release|Any CPU
		{5FBD7D80-0D88-40EA-97CB-A792BE84841E}.Debug|Any CPU.ActiveCfg = Debug|Any CPU
		{5FBD7D80-0D88-40EA-97CB-A792BE84841E}.Debug|Any CPU.Build.0 = Debug|Any CPU
		{5FBD7D80-0D88-40EA-97CB-A792BE84841E}.Release|Any CPU.ActiveCfg = Release|Any CPU
		{5FBD7D80-0D88-40EA-97CB-A792BE84841E}.Release|Any CPU.Build.0 = Release|Any CPU
		{54724A43-ED41-425C-950E-7FA37DDEA1AC}.Debug|Any CPU.ActiveCfg = Debug|Any CPU
		{54724A43-ED41-425C-950E-7FA37DDEA1AC}.Debug|Any CPU.Build.0 = Debug|Any CPU
		{54724A43-ED41-425C-950E-7FA37DDEA1AC}.Release|Any CPU.ActiveCfg = Release|Any CPU
		{54724A43-ED41-425C-950E-7FA37DDEA1AC}.Release|Any CPU.Build.0 = Release|Any CPU
	EndGlobalSection
	GlobalSection(SolutionProperties) = preSolution
		HideSolutionNode = FALSE
	EndGlobalSection
EndGlobal
